# This file is autogenerated, do not edit; changes may be undone by the next 'dep ensure'.


[[projects]]
  name = "github.com/codegangsta/cli"
  packages = ["."]
  revision = "bf4a526f48af7badd25d2cb02d587e1b01be3b50"

[[projects]]
  name = "github.com/howeyc/gopass"
  packages = ["."]
  revision = "2c70fa70727c953c51695f800f25d6b44abb368e"

[[projects]]
  branch = "master"
  name = "golang.org/x/crypto"
  packages = ["ssh/terminal"]
  revision = "0e37d006457bf46f9e6692014ba72ef82c33022c"

[[projects]]
  branch = "master"
  name = "golang.org/x/sys"
  packages = [
    "unix",
    "windows"
  ]
  revision = "d641721ec2dead6fe5ca284096fe4b1fcd49e427"

[solve-meta]
  analyzer-name = "dep"
  analyzer-version = 1
  inputs-digest = "d2ad463768d3980d31b503fb080ce632252b430d3fe3eb2a0061d4e99a4ec068"
  solver-name = "gps-cdcl"
  solver-version = 1
